
Microsoft Visual Studio Solution File, Format Version 12.00
# Visual Studio Version 16
VisualStudioVersion = 16.0.30621.155
MinimumVisualStudioVersion = 10.0.40219.1
Project("{FAE04EC0-301F-11D3-BF4B-00C04F79EFBC}") = "Module4Lab5", "Module4Lab5.csproj", "{DF3CA3F6-191F-4F1B-BDDA-384CF2DC47F8}"
EndProject
Global
	GlobalSection(SolutionConfigurationPlatforms) = preSolution
		Debug|Any CPU = Debug|Any CPU
		Release|Any CPU = Release|Any CPU
	EndGlobalSection
	GlobalSection(ProjectConfigurationPlatforms) = postSolution
		{DF3CA3F6-191F-4F1B-BDDA-384CF2DC47F8}.Debug|Any CPU.ActiveCfg = Debug|Any CPU
		{DF3CA3F6-191F-4F1B-BDDA-384CF2DC47F8}.Debug|Any CPU.Build.0 = Debug|Any CPU
		{DF3CA3F6-191F-4F1B-BDDA-384CF2DC47F8}.Release|Any CPU.ActiveCfg = Release|Any CPU
		{DF3CA3F6-191F-4F1B-BDDA-384CF2DC47F8}.Release|Any CPU.Build.0 = Release|Any CPU
	EndGlobalSection
	GlobalSection(SolutionProperties) = preSolution
		HideSolutionNode = FALSE
	EndGlobalSection
	GlobalSection(ExtensibilityGlobals) = postSolution
		SolutionGuid = {47C9EB18-126D-43D4-BA31-3D2BAE6D461D}
	EndGlobalSection
EndGlobal
